
Microsoft Visual Studio Solution File, Format Version 12.00
# Visual Studio Version 16
VisualStudioVersion = 16.0.31112.23
MinimumVisualStudioVersion = 10.0.40219.1
Project("{FAE04EC0-301F-11D3-BF4B-00C04F79EFBC}") = "COA.Data", "COA.Data\COA.Data.csproj", "{7589A884-1730-43EA-BBD5-C1A519F3A5FC}"
EndProject
Project("{FAE04EC0-301F-11D3-BF4B-00C04F79EFBC}") = "COA.Mvc", "COA.Mvc\COA.Mvc.csproj", "{A9F38ABB-4BF6-44DC-8AFD-121453A82B6E}"
EndProject
Project("{FAE04EC0-301F-11D3-BF4B-00C04F79EFBC}") = "COA.Services", "COA.Services\COA.Services.csproj", "{46D490CF-952C-449E-A7AE-F3A3F3F49C89}"
EndProject
Global
	GlobalSection(SolutionConfigurationPlatforms) = preSolution
		Debug|Any CPU = Debug|Any CPU
		Release|Any CPU = Release|Any CPU
	EndGlobalSection
	GlobalSection(ProjectConfigurationPlatforms) = postSolution
		{7589A884-1730-43EA-BBD5-C1A519F3A5FC}.Debug|Any CPU.ActiveCfg = Debug|Any CPU
		{7589A884-1730-43EA-BBD5-C1A519F3A5FC}.Debug|Any CPU.Build.0 = Debug|Any CPU
		{7589A884-1730-43EA-BBD5-C1A519F3A5FC}.Release|Any CPU.ActiveCfg = Release|Any CPU
		{7589A884-1730-43EA-BBD5-C1A519F3A5FC}.Release|Any CPU.Build.0 = Release|Any CPU
		{A9F38ABB-4BF6-44DC-8AFD-121453A82B6E}.Debug|Any CPU.ActiveCfg = Debug|Any CPU
		{A9F38ABB-4BF6-44DC-8AFD-121453A82B6E}.Debug|Any CPU.Build.0 = Debug|Any CPU
		{A9F38ABB-4BF6-44DC-8AFD-121453A82B6E}.Release|Any CPU.ActiveCfg = Release|Any CPU
		{A9F38ABB-4BF6-44DC-8AFD-121453A82B6E}.Release|Any CPU.Build.0 = Release|Any CPU
		{46D490CF-952C-449E-A7AE-F3A3F3F49C89}.Debug|Any CPU.ActiveCfg = Debug|Any CPU
		{46D490CF-952C-449E-A7AE-F3A3F3F49C89}.Debug|Any CPU.Build.0 = Debug|Any CPU
		{46D490CF-952C-449E-A7AE-F3A3F3F49C89}.Release|Any CPU.ActiveCfg = Release|Any CPU
		{46D490CF-952C-449E-A7AE-F3A3F3F49C89}.Release|Any CPU.Build.0 = Release|Any CPU
	EndGlobalSection
	GlobalSection(SolutionProperties) = preSolution
		HideSolutionNode = FALSE
	EndGlobalSection
	GlobalSection(ExtensibilityGlobals) = postSolution
		SolutionGuid = {2A1D580A-7237-42D3-9F40-2FFE68569C43}
	EndGlobalSection
EndGlobal
